
Microsoft Visual Studio Solution File, Format Version 12.00
# Visual Studio Version 16
VisualStudioVersion = 16.0.31410.357
MinimumVisualStudioVersion = 10.0.40219.1
Project("{FAE04EC0-301F-11D3-BF4B-00C04F79EFBC}") = "API", "API.csproj", "{629235F3-F2A7-4249-99A3-66918DE31BDB}"
EndProject
Global
	GlobalSection(SolutionConfigurationPlatforms) = preSolution
		Debug|Any CPU = Debug|Any CPU
		Release|Any CPU = Release|Any CPU
	EndGlobalSection
	GlobalSection(ProjectConfigurationPlatforms) = postSolution
		{629235F3-F2A7-4249-99A3-66918DE31BDB}.Debug|Any CPU.ActiveCfg = Debug|Any CPU
		{629235F3-F2A7-4249-99A3-66918DE31BDB}.Debug|Any CPU.Build.0 = Debug|Any CPU
		{629235F3-F2A7-4249-99A3-66918DE31BDB}.Release|Any CPU.ActiveCfg = Release|Any CPU
		{629235F3-F2A7-4249-99A3-66918DE31BDB}.Release|Any CPU.Build.0 = Release|Any CPU
	EndGlobalSection
	GlobalSection(SolutionProperties) = preSolution
		HideSolutionNode = FALSE
	EndGlobalSection
	GlobalSection(ExtensibilityGlobals) = postSolution
		SolutionGuid = {B4A0BAB3-F26F-4F47-BE83-50645BD5A8EF}
	EndGlobalSection
EndGlobal
